
Microsoft Visual Studio Solution File, Format Version 12.00
# Visual Studio 15
VisualStudioVersion = 15.0.26430.6
MinimumVisualStudioVersion = 10.0.40219.1
Project("{FAE04EC0-301F-11D3-BF4B-00C04F79EFBC}") = "WoW console", "WoW console\WoW console.csproj", "{7802101B-B8EA-488F-A8DB-4B9CC1BF178C}"
EndProject
Project("{FAE04EC0-301F-11D3-BF4B-00C04F79EFBC}") = "Database", "Database\Database.csproj", "{0DD7BA19-0D79-4404-8CA0-2228DE14B5FA}"
EndProject
Project("{FAE04EC0-301F-11D3-BF4B-00C04F79EFBC}") = "JSON reports", "JSON reports\JSON reports.csproj", "{EC054FF7-2AFB-40D8-A0B5-6D9B95270FC9}"
EndProject
Global
	GlobalSection(SolutionConfigurationPlatforms) = preSolution
		Debug|Any CPU = Debug|Any CPU
		Release|Any CPU = Release|Any CPU
	EndGlobalSection
	GlobalSection(ProjectConfigurationPlatforms) = postSolution
		{7802101B-B8EA-488F-A8DB-4B9CC1BF178C}.Debug|Any CPU.ActiveCfg = Debug|Any CPU
		{7802101B-B8EA-488F-A8DB-4B9CC1BF178C}.Debug|Any CPU.Build.0 = Debug|Any CPU
		{7802101B-B8EA-488F-A8DB-4B9CC1BF178C}.Release|Any CPU.ActiveCfg = Release|Any CPU
		{7802101B-B8EA-488F-A8DB-4B9CC1BF178C}.Release|Any CPU.Build.0 = Release|Any CPU
		{0DD7BA19-0D79-4404-8CA0-2228DE14B5FA}.Debug|Any CPU.ActiveCfg = Debug|Any CPU
		{0DD7BA19-0D79-4404-8CA0-2228DE14B5FA}.Debug|Any CPU.Build.0 = Debug|Any CPU
		{0DD7BA19-0D79-4404-8CA0-2228DE14B5FA}.Release|Any CPU.ActiveCfg = Release|Any CPU
		{0DD7BA19-0D79-4404-8CA0-2228DE14B5FA}.Release|Any CPU.Build.0 = Release|Any CPU
		{EC054FF7-2AFB-40D8-A0B5-6D9B95270FC9}.Debug|Any CPU.ActiveCfg = Debug|Any CPU
		{EC054FF7-2AFB-40D8-A0B5-6D9B95270FC9}.Debug|Any CPU.Build.0 = Debug|Any CPU
		{EC054FF7-2AFB-40D8-A0B5-6D9B95270FC9}.Release|Any CPU.ActiveCfg = Release|Any CPU
		{EC054FF7-2AFB-40D8-A0B5-6D9B95270FC9}.Release|Any CPU.Build.0 = Release|Any CPU
	EndGlobalSection
	GlobalSection(SolutionProperties) = preSolution
		HideSolutionNode = FALSE
	EndGlobalSection
EndGlobal
