
Microsoft Visual Studio Solution File, Format Version 12.00
# Visual Studio 14
VisualStudioVersion = 14.0.25123.0
MinimumVisualStudioVersion = 10.0.40219.1
Project("{FAE04EC0-301F-11D3-BF4B-00C04F79EFBC}") = "WoW.ConsoleApp", "WoW console\WoW.ConsoleApp.csproj", "{7802101B-B8EA-488F-A8DB-4B9CC1BF178C}"
EndProject
Project("{FAE04EC0-301F-11D3-BF4B-00C04F79EFBC}") = "WoW.Models", "Database\WoW.Models.csproj", "{0DD7BA19-0D79-4404-8CA0-2228DE14B5FA}"
EndProject
Project("{FAE04EC0-301F-11D3-BF4B-00C04F79EFBC}") = "JSON reports", "JSON reports\JSON reports.csproj", "{EC054FF7-2AFB-40D8-A0B5-6D9B95270FC9}"
EndProject
Project("{FAE04EC0-301F-11D3-BF4B-00C04F79EFBC}") = "WoW.Data", "WoWDbContect\WoW.Data.csproj", "{7E9D8B97-7033-40B5-AB47-BAAB54F49B54}"
EndProject
Project("{FAE04EC0-301F-11D3-BF4B-00C04F79EFBC}") = "WoW.LoadFile", "WoW.LoadFile\WoW.LoadFile.csproj", "{B52F9769-3E92-418A-A36C-D2F058A3A95D}"
EndProject
Project("{FAE04EC0-301F-11D3-BF4B-00C04F79EFBC}") = "WoW.CreateCommands", "WoW.CreateCommands\WoW.CreateCommands.csproj", "{DB96A28F-0AF5-4C90-A54C-C215F2BD8DA4}"
EndProject
Project("{FAE04EC0-301F-11D3-BF4B-00C04F79EFBC}") = "WoWPostgre.Models", "WoWPostgre.Models\WoWPostgre.Models.csproj", "{ED30A579-F02D-4BA0-ACF6-C46B72B96985}"
EndProject
Project("{FAE04EC0-301F-11D3-BF4B-00C04F79EFBC}") = "WoWPostgreData", "WoWPostgreData\WoWPostgreData.csproj", "{2804699D-D4A4-4706-92A9-A983C477D21E}"
EndProject
Global
	GlobalSection(SolutionConfigurationPlatforms) = preSolution
		Debug|Any CPU = Debug|Any CPU
		Release|Any CPU = Release|Any CPU
	EndGlobalSection
	GlobalSection(ProjectConfigurationPlatforms) = postSolution
		{7802101B-B8EA-488F-A8DB-4B9CC1BF178C}.Debug|Any CPU.ActiveCfg = Debug|Any CPU
		{7802101B-B8EA-488F-A8DB-4B9CC1BF178C}.Debug|Any CPU.Build.0 = Debug|Any CPU
		{7802101B-B8EA-488F-A8DB-4B9CC1BF178C}.Release|Any CPU.ActiveCfg = Release|Any CPU
		{7802101B-B8EA-488F-A8DB-4B9CC1BF178C}.Release|Any CPU.Build.0 = Release|Any CPU
		{0DD7BA19-0D79-4404-8CA0-2228DE14B5FA}.Debug|Any CPU.ActiveCfg = Debug|Any CPU
		{0DD7BA19-0D79-4404-8CA0-2228DE14B5FA}.Debug|Any CPU.Build.0 = Debug|Any CPU
		{0DD7BA19-0D79-4404-8CA0-2228DE14B5FA}.Release|Any CPU.ActiveCfg = Release|Any CPU
		{0DD7BA19-0D79-4404-8CA0-2228DE14B5FA}.Release|Any CPU.Build.0 = Release|Any CPU
		{EC054FF7-2AFB-40D8-A0B5-6D9B95270FC9}.Debug|Any CPU.ActiveCfg = Debug|Any CPU
		{EC054FF7-2AFB-40D8-A0B5-6D9B95270FC9}.Debug|Any CPU.Build.0 = Debug|Any CPU
		{EC054FF7-2AFB-40D8-A0B5-6D9B95270FC9}.Release|Any CPU.ActiveCfg = Release|Any CPU
		{EC054FF7-2AFB-40D8-A0B5-6D9B95270FC9}.Release|Any CPU.Build.0 = Release|Any CPU
		{7E9D8B97-7033-40B5-AB47-BAAB54F49B54}.Debug|Any CPU.ActiveCfg = Debug|Any CPU
		{7E9D8B97-7033-40B5-AB47-BAAB54F49B54}.Debug|Any CPU.Build.0 = Debug|Any CPU
		{7E9D8B97-7033-40B5-AB47-BAAB54F49B54}.Release|Any CPU.ActiveCfg = Release|Any CPU
		{7E9D8B97-7033-40B5-AB47-BAAB54F49B54}.Release|Any CPU.Build.0 = Release|Any CPU
		{B52F9769-3E92-418A-A36C-D2F058A3A95D}.Debug|Any CPU.ActiveCfg = Debug|Any CPU
		{B52F9769-3E92-418A-A36C-D2F058A3A95D}.Debug|Any CPU.Build.0 = Debug|Any CPU
		{B52F9769-3E92-418A-A36C-D2F058A3A95D}.Release|Any CPU.ActiveCfg = Release|Any CPU
		{B52F9769-3E92-418A-A36C-D2F058A3A95D}.Release|Any CPU.Build.0 = Release|Any CPU
		{DB96A28F-0AF5-4C90-A54C-C215F2BD8DA4}.Debug|Any CPU.ActiveCfg = Debug|Any CPU
		{DB96A28F-0AF5-4C90-A54C-C215F2BD8DA4}.Debug|Any CPU.Build.0 = Debug|Any CPU
		{DB96A28F-0AF5-4C90-A54C-C215F2BD8DA4}.Release|Any CPU.ActiveCfg = Release|Any CPU
		{DB96A28F-0AF5-4C90-A54C-C215F2BD8DA4}.Release|Any CPU.Build.0 = Release|Any CPU
		{ED30A579-F02D-4BA0-ACF6-C46B72B96985}.Debug|Any CPU.ActiveCfg = Debug|Any CPU
		{ED30A579-F02D-4BA0-ACF6-C46B72B96985}.Debug|Any CPU.Build.0 = Debug|Any CPU
		{ED30A579-F02D-4BA0-ACF6-C46B72B96985}.Release|Any CPU.ActiveCfg = Release|Any CPU
		{ED30A579-F02D-4BA0-ACF6-C46B72B96985}.Release|Any CPU.Build.0 = Release|Any CPU
		{2804699D-D4A4-4706-92A9-A983C477D21E}.Debug|Any CPU.ActiveCfg = Debug|Any CPU
		{2804699D-D4A4-4706-92A9-A983C477D21E}.Debug|Any CPU.Build.0 = Debug|Any CPU
		{2804699D-D4A4-4706-92A9-A983C477D21E}.Release|Any CPU.ActiveCfg = Release|Any CPU
		{2804699D-D4A4-4706-92A9-A983C477D21E}.Release|Any CPU.Build.0 = Release|Any CPU
	EndGlobalSection
	GlobalSection(SolutionProperties) = preSolution
		HideSolutionNode = FALSE
	EndGlobalSection
EndGlobal
